
Microsoft Visual Studio Solution File, Format Version 12.00
# Visual Studio Version 17
VisualStudioVersion = 17.10.35122.118
MinimumVisualStudioVersion = 10.0.40219.1
Project("{FAE04EC0-301F-11D3-BF4B-00C04F79EFBC}") = "PostDepcos", "PostDepcos\PostDepcos.csproj", "{D09F5321-6810-4DB7-B075-13DFEF1B2ECD}"
EndProject
Global
	GlobalSection(SolutionConfigurationPlatforms) = preSolution
		Debug|Any CPU = Debug|Any CPU
		Release|Any CPU = Release|Any CPU
	EndGlobalSection
	GlobalSection(ProjectConfigurationPlatforms) = postSolution
		{D09F5321-6810-4DB7-B075-13DFEF1B2ECD}.Debug|Any CPU.ActiveCfg = Debug|Any CPU
		{D09F5321-6810-4DB7-B075-13DFEF1B2ECD}.Debug|Any CPU.Build.0 = Debug|Any CPU
		{D09F5321-6810-4DB7-B075-13DFEF1B2ECD}.Release|Any CPU.ActiveCfg = Release|Any CPU
		{D09F5321-6810-4DB7-B075-13DFEF1B2ECD}.Release|Any CPU.Build.0 = Release|Any CPU
	EndGlobalSection
	GlobalSection(SolutionProperties) = preSolution
		HideSolutionNode = FALSE
	EndGlobalSection
	GlobalSection(ExtensibilityGlobals) = postSolution
		SolutionGuid = {F5868BF2-546E-49C1-97BD-FD99A053BC32}
	EndGlobalSection
EndGlobal
